
Microsoft Visual Studio Solution File, Format Version 12.00
# Visual Studio Version 16
VisualStudioVersion = 16.0.29509.3
MinimumVisualStudioVersion = 10.0.40219.1
Project("{FAE04EC0-301F-11D3-BF4B-00C04F79EFBC}") = "FormUI", "FormUI\FormUI.csproj", "{959E7B21-DA29-4CEC-A8AA-CE08F81886DA}"
EndProject
Global
	GlobalSection(SolutionConfigurationPlatforms) = preSolution
		Debug|Any CPU = Debug|Any CPU
		Release|Any CPU = Release|Any CPU
	EndGlobalSection
	GlobalSection(ProjectConfigurationPlatforms) = postSolution
		{959E7B21-DA29-4CEC-A8AA-CE08F81886DA}.Debug|Any CPU.ActiveCfg = Debug|Any CPU
		{959E7B21-DA29-4CEC-A8AA-CE08F81886DA}.Debug|Any CPU.Build.0 = Debug|Any CPU
		{959E7B21-DA29-4CEC-A8AA-CE08F81886DA}.Release|Any CPU.ActiveCfg = Release|Any CPU
		{959E7B21-DA29-4CEC-A8AA-CE08F81886DA}.Release|Any CPU.Build.0 = Release|Any CPU
	EndGlobalSection
	GlobalSection(SolutionProperties) = preSolution
		HideSolutionNode = FALSE
	EndGlobalSection
	GlobalSection(ExtensibilityGlobals) = postSolution
		SolutionGuid = {8D5E0C30-03C6-410D-AE4F-8870A8D8792D}
	EndGlobalSection
EndGlobal
